<?xml version="1.0" encoding="utf-8"?>
<Project ToolsVersion="4.0" xmlns="http://schemas.microsoft.com/developer/msbuild/2003">
  <ItemGroup>
    <Filter Include="Source Files">
      <UniqueIdentifier>{4FC737F1-C7A5-4376-A066-2A32D752A2FF}</UniqueIdentifier>
      <Extensions>cpp;c;cc;cxx;def;odl;idl;hpj;bat;asm;asmx</Extensions>
    </Filter>
    <Filter Include="Header Files">
      <UniqueIdentifier>{93995380-89BD-4b04-88EB-625FBE52EBFB}</UniqueIdentifier>
      <Extensions>h;hpp;hxx;hm;inl;inc;xsd</Extensions>
    </Filter>
    <Filter Include="Engine">
      <UniqueIdentifier>{e8471d91-9da0-4b3f-89b5-89c185baf995}</UniqueIdentifier>
    </Filter>
    <Filter Include="Engine\Headers">
      <UniqueIdentifier>{4f9d4a27-754a-4881-b450-77187cfdb559}</UniqueIdentifier>
    </Filter>
    <Filter Include="Objects">
      <UniqueIdentifier>{907501ca-a9c4-462e-906d-cfaf6c5f95d7}</UniqueIdentifier>
    </Filter>
    <Filter Include="Objects\Base">
      <UniqueIdentifier>{6958d5d1-e316-4a9b-aec8-eadb8cc5a92f}</UniqueIdentifier>
    </Filter>
    <Filter Include="Objects\Base\Headers">
      <UniqueIdentifier>{e79f50b6-d983-42d8-84c4-80dd3acc30ab}</UniqueIdentifier>
    </Filter>
    <Filter Include="Objects\Headers">
      <UniqueIdentifier>{df011294-a253-4ef5-8ff4-c1895a627f56}</UniqueIdentifier>
    </Filter>
    <Filter Include="Map">
      <UniqueIdentifier>{e62cec6c-0c7b-43d9-94b3-d101ade7170a}</UniqueIdentifier>
    </Filter>
    <Filter Include="Map\Headers">
      <UniqueIdentifier>{2c3a64a9-2ff9-4442-baa2-5ec56dbc7d31}</UniqueIdentifier>
    </Filter>
    <Filter Include="Menu">
      <UniqueIdentifier>{abe008a4-c95d-4222-a362-e0b8c3f069af}</UniqueIdentifier>
    </Filter>
    <Filter Include="Menu\Headers">
      <UniqueIdentifier>{6f04b431-0385-4649-b0b9-6892b6f23bc2}</UniqueIdentifier>
    </Filter>
    <Filter Include="Helpers">
      <UniqueIdentifier>{827ae165-1694-458a-891c-7f27da305a29}</UniqueIdentifier>
    </Filter>
    <Filter Include="Helpers\Header">
      <UniqueIdentifier>{5c678cd9-1f6e-4054-9bdf-0c0e59707cb2}</UniqueIdentifier>
    </Filter>
    <Filter Include="Editor">
      <UniqueIdentifier>{e8dc3453-b1ce-4441-8de8-4f83ca11a348}</UniqueIdentifier>
    </Filter>
    <Filter Include="Editor\Headers">
      <UniqueIdentifier>{b49f3f01-f110-43f1-a265-c6f3b96e57ad}</UniqueIdentifier>
    </Filter>
  </ItemGroup>
  <ItemGroup>
    <ClCompile Include="Main.cpp">
      <Filter>Source Files</Filter>
    </ClCompile>
    <ClCompile Include="Engine.cpp">
      <Filter>Engine</Filter>
    </ClCompile>
    <ClCompile Include="Game.cpp">
      <Filter>Engine</Filter>
    </ClCompile>
    <ClCompile Include="Point.cpp">
      <Filter>Objects\Base</Filter>
    </ClCompile>
    <ClCompile Include="BaseObject.cpp">
      <Filter>Objects\Base</Filter>
    </ClCompile>
    <ClCompile Include="Player.cpp">
      <Filter>Objects</Filter>
    </ClCompile>
    <ClCompile Include="MovableObject.cpp">
      <Filter>Objects\Base</Filter>
    </ClCompile>
    <ClCompile Include="Box.cpp">
      <Filter>Objects</Filter>
    </ClCompile>
    <ClCompile Include="Map.cpp">
      <Filter>Map</Filter>
    </ClCompile>
    <ClCompile Include="Floor.cpp">
      <Filter>Objects</Filter>
    </ClCompile>
    <ClCompile Include="Wall.cpp">
      <Filter>Objects</Filter>
    </ClCompile>
    <ClCompile Include="Button.cpp">
      <Filter>Menu</Filter>
    </ClCompile>
    <ClCompile Include="Menu.cpp">
      <Filter>Menu</Filter>
    </ClCompile>
    <ClCompile Include="Bitmap.cpp">
      <Filter>Engine</Filter>
    </ClCompile>
    <ClCompile Include="HighscoreCollection.cpp">
      <Filter>Menu</Filter>
    </ClCompile>
    <ClCompile Include="Highscore.cpp">
      <Filter>Menu</Filter>
    </ClCompile>
    <ClCompile Include="HighscoreDrawer.cpp">
      <Filter>Menu</Filter>
    </ClCompile>
    <ClCompile Include="Convert.cpp">
      <Filter>Helpers</Filter>
    </ClCompile>
    <ClCompile Include="Editor.cpp">
      <Filter>Editor</Filter>
    </ClCompile>
  </ItemGroup>
  <ItemGroup>
    <ClInclude Include="Engine.h">
      <Filter>Engine\Headers</Filter>
    </ClInclude>
    <ClInclude Include="Game.h">
      <Filter>Engine\Headers</Filter>
    </ClInclude>
    <ClInclude Include="BaseObject.h">
      <Filter>Objects\Base\Headers</Filter>
    </ClInclude>
    <ClInclude Include="Point.h">
      <Filter>Objects\Base\Headers</Filter>
    </ClInclude>
    <ClInclude Include="Player.h">
      <Filter>Objects\Headers</Filter>
    </ClInclude>
    <ClInclude Include="IGame.h">
      <Filter>Engine\Headers</Filter>
    </ClInclude>
    <ClInclude Include="Key.h">
      <Filter>Engine\Headers</Filter>
    </ClInclude>
    <ClInclude Include="MovableObject.h">
      <Filter>Objects\Base\Headers</Filter>
    </ClInclude>
    <ClInclude Include="Floor.h">
      <Filter>Objects\Headers</Filter>
    </ClInclude>
    <ClInclude Include="Box.h">
      <Filter>Objects\Headers</Filter>
    </ClInclude>
    <ClInclude Include="Map.h">
      <Filter>Map\Headers</Filter>
    </ClInclude>
    <ClInclude Include="Wall.h">
      <Filter>Objects\Headers</Filter>
    </ClInclude>
    <ClInclude Include="Button.h">
      <Filter>Menu\Headers</Filter>
    </ClInclude>
    <ClInclude Include="Mouse.h">
      <Filter>Engine\Headers</Filter>
    </ClInclude>
    <ClInclude Include="IButtonClickedEvent.h">
      <Filter>Menu\Headers</Filter>
    </ClInclude>
    <ClInclude Include="Menu.h">
      <Filter>Menu\Headers</Filter>
    </ClInclude>
    <ClInclude Include="IMouseEvents.h">
      <Filter>Engine\Headers</Filter>
    </ClInclude>
    <ClInclude Include="Bitmap.h">
      <Filter>Engine\Headers</Filter>
    </ClInclude>
    <ClInclude Include="HighscoreCollection.h">
      <Filter>Menu\Headers</Filter>
    </ClInclude>
    <ClInclude Include="Highscore.h">
      <Filter>Menu\Headers</Filter>
    </ClInclude>
    <ClInclude Include="IKeyboardEvents.h">
      <Filter>Engine\Headers</Filter>
    </ClInclude>
    <ClInclude Include="HighscoreDrawer.h">
      <Filter>Menu\Headers</Filter>
    </ClInclude>
    <ClInclude Include="Convert.h">
      <Filter>Helpers\Header</Filter>
    </ClInclude>
    <ClInclude Include="Editor.h">
      <Filter>Editor\Headers</Filter>
    </ClInclude>
    <ClInclude Include="ObjectType.h">
      <Filter>Editor\Headers</Filter>
    </ClInclude>
  </ItemGroup>
</Project>